// !$*UTF8*$!
{
	archiveVersion = 1;
	classes = {
	};
	objectVersion = 51;
	objects = {

/* Begin PBXBuildFile section */
		2EBA77A530EEED382396F256 /* Pods_Swift_Audio_v2.framework in Frameworks */ = {isa = PBXBuildFile; fileRef = 8C09B5A68C7E90CD1896A5BF /* Pods_Swift_Audio_v2.framework */; };
		3C926FBD24B9213100692688 /* AppDelegate.swift in Sources */ = {isa = PBXBuildFile; fileRef = 3C926FBC24B9213100692688 /* AppDelegate.swift */; };
		3C926FBF24B9213100692688 /* SceneDelegate.swift in Sources */ = {isa = PBXBuildFile; fileRef = 3C926FBE24B9213100692688 /* SceneDelegate.swift */; };
		3C926FC124B9213100692688 /* LibraryViewController.swift in Sources */ = {isa = PBXBuildFile; fileRef = 3C926FC024B9213100692688 /* LibraryViewController.swift */; };
		3C926FC424B9213100692688 /* Main.storyboard in Resources */ = {isa = PBXBuildFile; fileRef = 3C926FC224B9213100692688 /* Main.storyboard */; };
		3C926FC724B9213100692688 /* SwiftAudio.xcdatamodeld in Sources */ = {isa = PBXBuildFile; fileRef = 3C926FC524B9213100692688 /* SwiftAudio.xcdatamodeld */; };
		3C926FC924B9213700692688 /* Assets.xcassets in Resources */ = {isa = PBXBuildFile; fileRef = 3C926FC824B9213700692688 /* Assets.xcassets */; };
		3C926FCC24B9213700692688 /* LaunchScreen.storyboard in Resources */ = {isa = PBXBuildFile; fileRef = 3C926FCA24B9213700692688 /* LaunchScreen.storyboard */; };
		3C926FD724B9213700692688 /* Swift_Audio_v2Tests.swift in Sources */ = {isa = PBXBuildFile; fileRef = 3C926FD624B9213700692688 /* Swift_Audio_v2Tests.swift */; };
		3C926FE224B9213700692688 /* Swift_Audio_v2UITests.swift in Sources */ = {isa = PBXBuildFile; fileRef = 3C926FE124B9213700692688 /* Swift_Audio_v2UITests.swift */; };
		3C926FF424BA745500692688 /* DocumentPickerViewController.swift in Sources */ = {isa = PBXBuildFile; fileRef = 3C926FF324BA745500692688 /* DocumentPickerViewController.swift */; };
		3C926FF624BA755200692688 /* MediaFileManager.swift in Sources */ = {isa = PBXBuildFile; fileRef = 3C926FF524BA755200692688 /* MediaFileManager.swift */; };
		3C92704224BBCC6100692688 /* MediaItemViewCell.swift in Sources */ = {isa = PBXBuildFile; fileRef = 3C92704024BBCC6100692688 /* MediaItemViewCell.swift */; };
		3C92704324BBCC6100692688 /* MediaItemViewCell.xib in Resources */ = {isa = PBXBuildFile; fileRef = 3C92704124BBCC6100692688 /* MediaItemViewCell.xib */; };
		3C92704524BBCF5B00692688 /* Constants.swift in Sources */ = {isa = PBXBuildFile; fileRef = 3C92704424BBCF5B00692688 /* Constants.swift */; };
		3C92709224BD1D2900692688 /* PlayerViewController.swift in Sources */ = {isa = PBXBuildFile; fileRef = 3C92709124BD1D2900692688 /* PlayerViewController.swift */; };
		3C92709D24BE7D3100692688 /* Reklaws.jpg in Resources */ = {isa = PBXBuildFile; fileRef = 3C92709924BE7D3000692688 /* Reklaws.jpg */; };
		3C92709E24BE7D3100692688 /* Men At Work.jpg in Resources */ = {isa = PBXBuildFile; fileRef = 3C92709A24BE7D3100692688 /* Men At Work.jpg */; };
		3CE11A0924C33D9500D6ABC2 /* PlayerEngine.swift in Sources */ = {isa = PBXBuildFile; fileRef = 3CE11A0824C33D9500D6ABC2 /* PlayerEngine.swift */; };
		3CE11A0C24C3C65E00D6ABC2 /* DataService.swift in Sources */ = {isa = PBXBuildFile; fileRef = 3CE11A0B24C3C65E00D6ABC2 /* DataService.swift */; };
		3CE11A1C24CCCA2900D6ABC2 /* Enumerations.swift in Sources */ = {isa = PBXBuildFile; fileRef = 3CE11A1B24CCCA2900D6ABC2 /* Enumerations.swift */; };
		3CE11A2024CCE87500D6ABC2 /* MediaExtension.swift in Sources */ = {isa = PBXBuildFile; fileRef = 3CE11A1F24CCE87500D6ABC2 /* MediaExtension.swift */; };
		3CE11A2224CDD71D00D6ABC2 /* UserPreferenceViewController.swift in Sources */ = {isa = PBXBuildFile; fileRef = 3CE11A2124CDD71D00D6ABC2 /* UserPreferenceViewController.swift */; };
/* End PBXBuildFile section */

/* Begin PBXContainerItemProxy section */
		3C926FD324B9213700692688 /* PBXContainerItemProxy */ = {
			isa = PBXContainerItemProxy;
			containerPortal = 3C926FB124B9213100692688 /* Project object */;
			proxyType = 1;
			remoteGlobalIDString = 3C926FB824B9213100692688;
			remoteInfo = "Swift Audio v2";
		};
		3C926FDE24B9213700692688 /* PBXContainerItemProxy */ = {
			isa = PBXContainerItemProxy;
			containerPortal = 3C926FB124B9213100692688 /* Project object */;
			proxyType = 1;
			remoteGlobalIDString = 3C926FB824B9213100692688;
			remoteInfo = "Swift Audio v2";
		};
/* End PBXContainerItemProxy section */

/* Begin PBXFileReference section */
		3C926FB924B9213100692688 /* Swift Audio v2.app */ = {isa = PBXFileReference; explicitFileType = wrapper.application; includeInIndex = 0; path = "Swift Audio v2.app"; sourceTree = BUILT_PRODUCTS_DIR; };
		3C926FBC24B9213100692688 /* AppDelegate.swift */ = {isa = PBXFileReference; lastKnownFileType = sourcecode.swift; path = AppDelegate.swift; sourceTree = "<group>"; };
		3C926FBE24B9213100692688 /* SceneDelegate.swift */ = {isa = PBXFileReference; lastKnownFileType = sourcecode.swift; path = SceneDelegate.swift; sourceTree = "<group>"; };
		3C926FC024B9213100692688 /* LibraryViewController.swift */ = {isa = PBXFileReference; lastKnownFileType = sourcecode.swift; path = LibraryViewController.swift; sourceTree = "<group>"; };
		3C926FC324B9213100692688 /* Base */ = {isa = PBXFileReference; lastKnownFileType = file.storyboard; name = Base; path = Base.lproj/Main.storyboard; sourceTree = "<group>"; };
		3C926FC624B9213100692688 /* Swift_Audio_v2.xcdatamodel */ = {isa = PBXFileReference; lastKnownFileType = wrapper.xcdatamodel; path = Swift_Audio_v2.xcdatamodel; sourceTree = "<group>"; };
		3C926FC824B9213700692688 /* Assets.xcassets */ = {isa = PBXFileReference; lastKnownFileType = folder.assetcatalog; path = Assets.xcassets; sourceTree = "<group>"; };
		3C926FCB24B9213700692688 /* Base */ = {isa = PBXFileReference; lastKnownFileType = file.storyboard; name = Base; path = Base.lproj/LaunchScreen.storyboard; sourceTree = "<group>"; };
		3C926FCD24B9213700692688 /* Info.plist */ = {isa = PBXFileReference; lastKnownFileType = text.plist.xml; path = Info.plist; sourceTree = "<group>"; };
		3C926FD224B9213700692688 /* Swift Audio v2Tests.xctest */ = {isa = PBXFileReference; explicitFileType = wrapper.cfbundle; includeInIndex = 0; path = "Swift Audio v2Tests.xctest"; sourceTree = BUILT_PRODUCTS_DIR; };
		3C926FD624B9213700692688 /* Swift_Audio_v2Tests.swift */ = {isa = PBXFileReference; lastKnownFileType = sourcecode.swift; path = Swift_Audio_v2Tests.swift; sourceTree = "<group>"; };
		3C926FD824B9213700692688 /* Info.plist */ = {isa = PBXFileReference; lastKnownFileType = text.plist.xml; path = Info.plist; sourceTree = "<group>"; };
		3C926FDD24B9213700692688 /* Swift Audio v2UITests.xctest */ = {isa = PBXFileReference; explicitFileType = wrapper.cfbundle; includeInIndex = 0; path = "Swift Audio v2UITests.xctest"; sourceTree = BUILT_PRODUCTS_DIR; };
		3C926FE124B9213700692688 /* Swift_Audio_v2UITests.swift */ = {isa = PBXFileReference; lastKnownFileType = sourcecode.swift; path = Swift_Audio_v2UITests.swift; sourceTree = "<group>"; };
		3C926FE324B9213700692688 /* Info.plist */ = {isa = PBXFileReference; lastKnownFileType = text.plist.xml; path = Info.plist; sourceTree = "<group>"; };
		3C926FF324BA745500692688 /* DocumentPickerViewController.swift */ = {isa = PBXFileReference; lastKnownFileType = sourcecode.swift; path = DocumentPickerViewController.swift; sourceTree = "<group>"; };
		3C926FF524BA755200692688 /* MediaFileManager.swift */ = {isa = PBXFileReference; lastKnownFileType = sourcecode.swift; path = MediaFileManager.swift; sourceTree = "<group>"; };
		3C92704024BBCC6100692688 /* MediaItemViewCell.swift */ = {isa = PBXFileReference; lastKnownFileType = sourcecode.swift; path = MediaItemViewCell.swift; sourceTree = "<group>"; };
		3C92704124BBCC6100692688 /* MediaItemViewCell.xib */ = {isa = PBXFileReference; lastKnownFileType = file.xib; path = MediaItemViewCell.xib; sourceTree = "<group>"; };
		3C92704424BBCF5B00692688 /* Constants.swift */ = {isa = PBXFileReference; lastKnownFileType = sourcecode.swift; path = Constants.swift; sourceTree = "<group>"; };
		3C92709124BD1D2900692688 /* PlayerViewController.swift */ = {isa = PBXFileReference; lastKnownFileType = sourcecode.swift; path = PlayerViewController.swift; sourceTree = "<group>"; };
		3C92709924BE7D3000692688 /* Reklaws.jpg */ = {isa = PBXFileReference; lastKnownFileType = image.jpeg; name = Reklaws.jpg; path = "Swift Audio v2/Resources/Reklaws.jpg"; sourceTree = SOURCE_ROOT; };
		3C92709A24BE7D3100692688 /* Men At Work.jpg */ = {isa = PBXFileReference; lastKnownFileType = image.jpeg; name = "Men At Work.jpg"; path = "Swift Audio v2/Resources/Men At Work.jpg"; sourceTree = SOURCE_ROOT; };
		3CE11A0824C33D9500D6ABC2 /* PlayerEngine.swift */ = {isa = PBXFileReference; lastKnownFileType = sourcecode.swift; path = PlayerEngine.swift; sourceTree = "<group>"; };
		3CE11A0B24C3C65E00D6ABC2 /* DataService.swift */ = {isa = PBXFileReference; lastKnownFileType = sourcecode.swift; path = DataService.swift; sourceTree = "<group>"; };
		3CE11A1B24CCCA2900D6ABC2 /* Enumerations.swift */ = {isa = PBXFileReference; lastKnownFileType = sourcecode.swift; path = Enumerations.swift; sourceTree = "<group>"; };
		3CE11A1F24CCE87500D6ABC2 /* MediaExtension.swift */ = {isa = PBXFileReference; lastKnownFileType = sourcecode.swift; path = MediaExtension.swift; sourceTree = "<group>"; };
		3CE11A2124CDD71D00D6ABC2 /* UserPreferenceViewController.swift */ = {isa = PBXFileReference; lastKnownFileType = sourcecode.swift; path = UserPreferenceViewController.swift; sourceTree = "<group>"; };
		5F73A842D9F02388EA7C635C /* Pods-Swift Audio v2.release.xcconfig */ = {isa = PBXFileReference; includeInIndex = 1; lastKnownFileType = text.xcconfig; name = "Pods-Swift Audio v2.release.xcconfig"; path = "Target Support Files/Pods-Swift Audio v2/Pods-Swift Audio v2.release.xcconfig"; sourceTree = "<group>"; };
		8C09B5A68C7E90CD1896A5BF /* Pods_Swift_Audio_v2.framework */ = {isa = PBXFileReference; explicitFileType = wrapper.framework; includeInIndex = 0; path = Pods_Swift_Audio_v2.framework; sourceTree = BUILT_PRODUCTS_DIR; };
		B1E26F97C9983BAC054CFBD2 /* Pods-Swift Audio v2.debug.xcconfig */ = {isa = PBXFileReference; includeInIndex = 1; lastKnownFileType = text.xcconfig; name = "Pods-Swift Audio v2.debug.xcconfig"; path = "Target Support Files/Pods-Swift Audio v2/Pods-Swift Audio v2.debug.xcconfig"; sourceTree = "<group>"; };
/* End PBXFileReference section */

/* Begin PBXFrameworksBuildPhase section */
		3C926FB624B9213100692688 /* Frameworks */ = {
			isa = PBXFrameworksBuildPhase;
			buildActionMask = 2147483647;
			files = (
				2EBA77A530EEED382396F256 /* Pods_Swift_Audio_v2.framework in Frameworks */,
			);
			runOnlyForDeploymentPostprocessing = 0;
		};
		3C926FCF24B9213700692688 /* Frameworks */ = {
			isa = PBXFrameworksBuildPhase;
			buildActionMask = 2147483647;
			files = (
			);
			runOnlyForDeploymentPostprocessing = 0;
		};
		3C926FDA24B9213700692688 /* Frameworks */ = {
			isa = PBXFrameworksBuildPhase;
			buildActionMask = 2147483647;
			files = (
			);
			runOnlyForDeploymentPostprocessing = 0;
		};
/* End PBXFrameworksBuildPhase section */

/* Begin PBXGroup section */
		3C926FB024B9213100692688 = {
			isa = PBXGroup;
			children = (
				3C926FBB24B9213100692688 /* Swift Audio v2 */,
				3C926FD524B9213700692688 /* Swift Audio v2Tests */,
				3C926FE024B9213700692688 /* Swift Audio v2UITests */,
				3C926FBA24B9213100692688 /* Products */,
				A14FEE37D8E8957B847F2E87 /* Pods */,
				ADF51FD7281A7CB9A4388EDF /* Frameworks */,
			);
			sourceTree = "<group>";
		};
		3C926FBA24B9213100692688 /* Products */ = {
			isa = PBXGroup;
			children = (
				3C926FB924B9213100692688 /* Swift Audio v2.app */,
				3C926FD224B9213700692688 /* Swift Audio v2Tests.xctest */,
				3C926FDD24B9213700692688 /* Swift Audio v2UITests.xctest */,
			);
			name = Products;
			sourceTree = "<group>";
		};
		3C926FBB24B9213100692688 /* Swift Audio v2 */ = {
			isa = PBXGroup;
			children = (
				3CE11A0A24C3C64E00D6ABC2 /* Services */,
				3C92709624BE7D1600692688 /* Sample Data */,
				3C92704624BBCF7B00692688 /* Helper */,
				3C926FF124B9217100692688 /* Controllers */,
				3C926FF024B9216C00692688 /* Views */,
				3C926FEF24B9215F00692688 /* Models */,
				3C926FBC24B9213100692688 /* AppDelegate.swift */,
				3C926FBE24B9213100692688 /* SceneDelegate.swift */,
				3C926FC824B9213700692688 /* Assets.xcassets */,
				3C926FCA24B9213700692688 /* LaunchScreen.storyboard */,
				3C926FCD24B9213700692688 /* Info.plist */,
				3C926FC524B9213100692688 /* SwiftAudio.xcdatamodeld */,
			);
			path = "Swift Audio v2";
			sourceTree = "<group>";
		};
		3C926FD524B9213700692688 /* Swift Audio v2Tests */ = {
			isa = PBXGroup;
			children = (
				3C926FD624B9213700692688 /* Swift_Audio_v2Tests.swift */,
				3C926FD824B9213700692688 /* Info.plist */,
			);
			path = "Swift Audio v2Tests";
			sourceTree = "<group>";
		};
		3C926FE024B9213700692688 /* Swift Audio v2UITests */ = {
			isa = PBXGroup;
			children = (
				3C926FE124B9213700692688 /* Swift_Audio_v2UITests.swift */,
				3C926FE324B9213700692688 /* Info.plist */,
			);
			path = "Swift Audio v2UITests";
			sourceTree = "<group>";
		};
		3C926FEF24B9215F00692688 /* Models */ = {
			isa = PBXGroup;
			children = (
				3CE11A0824C33D9500D6ABC2 /* PlayerEngine.swift */,
				3CE11A1F24CCE87500D6ABC2 /* MediaExtension.swift */,
				3C926FF524BA755200692688 /* MediaFileManager.swift */,
			);
			path = Models;
			sourceTree = "<group>";
		};
		3C926FF024B9216C00692688 /* Views */ = {
			isa = PBXGroup;
			children = (
				3C926FF224B922D400692688 /* Nibs */,
				3C926FC224B9213100692688 /* Main.storyboard */,
			);
			path = Views;
			sourceTree = "<group>";
		};
		3C926FF124B9217100692688 /* Controllers */ = {
			isa = PBXGroup;
			children = (
				3C926FC024B9213100692688 /* LibraryViewController.swift */,
				3C92709124BD1D2900692688 /* PlayerViewController.swift */,
				3CE11A2124CDD71D00D6ABC2 /* UserPreferenceViewController.swift */,
				3C926FF324BA745500692688 /* DocumentPickerViewController.swift */,
			);
			path = Controllers;
			sourceTree = "<group>";
		};
		3C926FF224B922D400692688 /* Nibs */ = {
			isa = PBXGroup;
			children = (
				3C92704024BBCC6100692688 /* MediaItemViewCell.swift */,
				3C92704124BBCC6100692688 /* MediaItemViewCell.xib */,
			);
			path = Nibs;
			sourceTree = "<group>";
		};
		3C92704624BBCF7B00692688 /* Helper */ = {
			isa = PBXGroup;
			children = (
				3C92704424BBCF5B00692688 /* Constants.swift */,
				3CE11A1B24CCCA2900D6ABC2 /* Enumerations.swift */,
			);
			path = Helper;
			sourceTree = "<group>";
		};
		3C92709624BE7D1600692688 /* Sample Data */ = {
			isa = PBXGroup;
			children = (
				3C92709A24BE7D3100692688 /* Men At Work.jpg */,
				3C92709924BE7D3000692688 /* Reklaws.jpg */,
			);
			path = "Sample Data";
			sourceTree = "<group>";
		};
		3CE11A0A24C3C64E00D6ABC2 /* Services */ = {
			isa = PBXGroup;
			children = (
				3CE11A0B24C3C65E00D6ABC2 /* DataService.swift */,
			);
			path = Services;
			sourceTree = "<group>";
		};
		A14FEE37D8E8957B847F2E87 /* Pods */ = {
			isa = PBXGroup;
			children = (
				B1E26F97C9983BAC054CFBD2 /* Pods-Swift Audio v2.debug.xcconfig */,
				5F73A842D9F02388EA7C635C /* Pods-Swift Audio v2.release.xcconfig */,
			);
			path = Pods;
			sourceTree = "<group>";
		};
		ADF51FD7281A7CB9A4388EDF /* Frameworks */ = {
			isa = PBXGroup;
			children = (
				8C09B5A68C7E90CD1896A5BF /* Pods_Swift_Audio_v2.framework */,
			);
			name = Frameworks;
			sourceTree = "<group>";
		};
/* End PBXGroup section */

/* Begin PBXNativeTarget section */
		3C926FB824B9213100692688 /* Swift Audio v2 */ = {
			isa = PBXNativeTarget;
			buildConfigurationList = 3C926FE624B9213700692688 /* Build configuration list for PBXNativeTarget "Swift Audio v2" */;
			buildPhases = (
				2282B4B08C13CFE172DBA9A8 /* [CP] Check Pods Manifest.lock */,
				3C926FB524B9213100692688 /* Sources */,
				3C926FB624B9213100692688 /* Frameworks */,
				3C926FB724B9213100692688 /* Resources */,
				460BF347AFD2D1B33FD155B0 /* [CP] Embed Pods Frameworks */,
			);
			buildRules = (
			);
			dependencies = (
			);
			name = "Swift Audio v2";
			productName = "Swift Audio v2";
			productReference = 3C926FB924B9213100692688 /* Swift Audio v2.app */;
			productType = "com.apple.product-type.application";
		};
		3C926FD124B9213700692688 /* Swift Audio v2Tests */ = {
			isa = PBXNativeTarget;
			buildConfigurationList = 3C926FE924B9213700692688 /* Build configuration list for PBXNativeTarget "Swift Audio v2Tests" */;
			buildPhases = (
				3C926FCE24B9213700692688 /* Sources */,
				3C926FCF24B9213700692688 /* Frameworks */,
				3C926FD024B9213700692688 /* Resources */,
			);
			buildRules = (
			);
			dependencies = (
				3C926FD424B9213700692688 /* PBXTargetDependency */,
			);
			name = "Swift Audio v2Tests";
			productName = "Swift Audio v2Tests";
			productReference = 3C926FD224B9213700692688 /* Swift Audio v2Tests.xctest */;
			productType = "com.apple.product-type.bundle.unit-test";
		};
		3C926FDC24B9213700692688 /* Swift Audio v2UITests */ = {
			isa = PBXNativeTarget;
			buildConfigurationList = 3C926FEC24B9213700692688 /* Build configuration list for PBXNativeTarget "Swift Audio v2UITests" */;
			buildPhases = (
				3C926FD924B9213700692688 /* Sources */,
				3C926FDA24B9213700692688 /* Frameworks */,
				3C926FDB24B9213700692688 /* Resources */,
			);
			buildRules = (
			);
			dependencies = (
				3C926FDF24B9213700692688 /* PBXTargetDependency */,
			);
			name = "Swift Audio v2UITests";
			productName = "Swift Audio v2UITests";
			productReference = 3C926FDD24B9213700692688 /* Swift Audio v2UITests.xctest */;
			productType = "com.apple.product-type.bundle.ui-testing";
		};
/* End PBXNativeTarget section */

/* Begin PBXProject section */
		3C926FB124B9213100692688 /* Project object */ = {
			isa = PBXProject;
			attributes = {
				LastSwiftUpdateCheck = 1150;
				LastUpgradeCheck = 1150;
				ORGANIZATIONNAME = "Blair Petrachek";
				TargetAttributes = {
					3C926FB824B9213100692688 = {
						CreatedOnToolsVersion = 11.5;
					};
					3C926FD124B9213700692688 = {
						CreatedOnToolsVersion = 11.5;
						TestTargetID = 3C926FB824B9213100692688;
					};
					3C926FDC24B9213700692688 = {
						CreatedOnToolsVersion = 11.5;
						TestTargetID = 3C926FB824B9213100692688;
					};
				};
			};
			buildConfigurationList = 3C926FB424B9213100692688 /* Build configuration list for PBXProject "Swift Audio v2" */;
			compatibilityVersion = "Xcode 9.3";
			developmentRegion = en;
			hasScannedForEncodings = 0;
			knownRegions = (
				en,
				Base,
			);
			mainGroup = 3C926FB024B9213100692688;
			productRefGroup = 3C926FBA24B9213100692688 /* Products */;
			projectDirPath = "";
			projectRoot = "";
			targets = (
				3C926FB824B9213100692688 /* Swift Audio v2 */,
				3C926FD124B9213700692688 /* Swift Audio v2Tests */,
				3C926FDC24B9213700692688 /* Swift Audio v2UITests */,
			);
		};
/* End PBXProject section */

/* Begin PBXResourcesBuildPhase section */
		3C926FB724B9213100692688 /* Resources */ = {
			isa = PBXResourcesBuildPhase;
			buildActionMask = 2147483647;
			files = (
				3C92709D24BE7D3100692688 /* Reklaws.jpg in Resources */,
				3C92704324BBCC6100692688 /* MediaItemViewCell.xib in Resources */,
				3C926FCC24B9213700692688 /* LaunchScreen.storyboard in Resources */,
				3C926FC924B9213700692688 /* Assets.xcassets in Resources */,
				3C926FC424B9213100692688 /* Main.storyboard in Resources */,
				3C92709E24BE7D3100692688 /* Men At Work.jpg in Resources */,
			);
			runOnlyForDeploymentPostprocessing = 0;
		};
		3C926FD024B9213700692688 /* Resources */ = {
			isa = PBXResourcesBuildPhase;
			buildActionMask = 2147483647;
			files = (
			);
			runOnlyForDeploymentPostprocessing = 0;
		};
		3C926FDB24B9213700692688 /* Resources */ = {
			isa = PBXResourcesBuildPhase;
			buildActionMask = 2147483647;
			files = (
			);
			runOnlyForDeploymentPostprocessing = 0;
		};
/* End PBXResourcesBuildPhase section */

/* Begin PBXShellScriptBuildPhase section */
		2282B4B08C13CFE172DBA9A8 /* [CP] Check Pods Manifest.lock */ = {
			isa = PBXShellScriptBuildPhase;
			buildActionMask = 2147483647;
			files = (
			);
			inputFileListPaths = (
			);
			inputPaths = (
				"${PODS_PODFILE_DIR_PATH}/Podfile.lock",
				"${PODS_ROOT}/Manifest.lock",
			);
			name = "[CP] Check Pods Manifest.lock";
			outputFileListPaths = (
			);
			outputPaths = (
				"$(DERIVED_FILE_DIR)/Pods-Swift Audio v2-checkManifestLockResult.txt",
			);
			runOnlyForDeploymentPostprocessing = 0;
			shellPath = /bin/sh;
			shellScript = "diff \"${PODS_PODFILE_DIR_PATH}/Podfile.lock\" \"${PODS_ROOT}/Manifest.lock\" > /dev/null\nif [ $? != 0 ] ; then\n    # print error to STDERR\n    echo \"error: The sandbox is not in sync with the Podfile.lock. Run 'pod install' or update your CocoaPods installation.\" >&2\n    exit 1\nfi\n# This output is used by Xcode 'outputs' to avoid re-running this script phase.\necho \"SUCCESS\" > \"${SCRIPT_OUTPUT_FILE_0}\"\n";
			showEnvVarsInLog = 0;
		};
		460BF347AFD2D1B33FD155B0 /* [CP] Embed Pods Frameworks */ = {
			isa = PBXShellScriptBuildPhase;
			buildActionMask = 2147483647;
			files = (
			);
			inputFileListPaths = (
				"${PODS_ROOT}/Target Support Files/Pods-Swift Audio v2/Pods-Swift Audio v2-frameworks-${CONFIGURATION}-input-files.xcfilelist",
			);
			name = "[CP] Embed Pods Frameworks";
			outputFileListPaths = (
				"${PODS_ROOT}/Target Support Files/Pods-Swift Audio v2/Pods-Swift Audio v2-frameworks-${CONFIGURATION}-output-files.xcfilelist",
			);
			runOnlyForDeploymentPostprocessing = 0;
			shellPath = /bin/sh;
			shellScript = "\"${PODS_ROOT}/Target Support Files/Pods-Swift Audio v2/Pods-Swift Audio v2-frameworks.sh\"\n";
			showEnvVarsInLog = 0;
		};
/* End PBXShellScriptBuildPhase section */

/* Begin PBXSourcesBuildPhase section */
		3C926FB524B9213100692688 /* Sources */ = {
			isa = PBXSourcesBuildPhase;
			buildActionMask = 2147483647;
			files = (
				3C926FF424BA745500692688 /* DocumentPickerViewController.swift in Sources */,
				3C926FC724B9213100692688 /* SwiftAudio.xcdatamodeld in Sources */,
				3CE11A0C24C3C65E00D6ABC2 /* DataService.swift in Sources */,
				3CE11A2024CCE87500D6ABC2 /* MediaExtension.swift in Sources */,
				3C926FC124B9213100692688 /* LibraryViewController.swift in Sources */,
				3C92704524BBCF5B00692688 /* Constants.swift in Sources */,
				3C92704224BBCC6100692688 /* MediaItemViewCell.swift in Sources */,
				3C926FBD24B9213100692688 /* AppDelegate.swift in Sources */,
				3CE11A0924C33D9500D6ABC2 /* PlayerEngine.swift in Sources */,
				3C926FF624BA755200692688 /* MediaFileManager.swift in Sources */,
				3CE11A2224CDD71D00D6ABC2 /* UserPreferenceViewController.swift in Sources */,
				3C92709224BD1D2900692688 /* PlayerViewController.swift in Sources */,
				3C926FBF24B9213100692688 /* SceneDelegate.swift in Sources */,
				3CE11A1C24CCCA2900D6ABC2 /* Enumerations.swift in Sources */,
			);
			runOnlyForDeploymentPostprocessing = 0;
		};
		3C926FCE24B9213700692688 /* Sources */ = {
			isa = PBXSourcesBuildPhase;
			buildActionMask = 2147483647;
			files = (
				3C926FD724B9213700692688 /* Swift_Audio_v2Tests.swift in Sources */,
			);
			runOnlyForDeploymentPostprocessing = 0;
		};
		3C926FD924B9213700692688 /* Sources */ = {
			isa = PBXSourcesBuildPhase;
			buildActionMask = 2147483647;
			files = (
				3C926FE224B9213700692688 /* Swift_Audio_v2UITests.swift in Sources */,
			);
			runOnlyForDeploymentPostprocessing = 0;
		};
/* End PBXSourcesBuildPhase section */

/* Begin PBXTargetDependency section */
		3C926FD424B9213700692688 /* PBXTargetDependency */ = {
			isa = PBXTargetDependency;
			target = 3C926FB824B9213100692688 /* Swift Audio v2 */;
			targetProxy = 3C926FD324B9213700692688 /* PBXContainerItemProxy */;
		};
		3C926FDF24B9213700692688 /* PBXTargetDependency */ = {
			isa = PBXTargetDependency;
			target = 3C926FB824B9213100692688 /* Swift Audio v2 */;
			targetProxy = 3C926FDE24B9213700692688 /* PBXContainerItemProxy */;
		};
/* End PBXTargetDependency section */

/* Begin PBXVariantGroup section */
		3C926FC224B9213100692688 /* Main.storyboard */ = {
			isa = PBXVariantGroup;
			children = (
				3C926FC324B9213100692688 /* Base */,
			);
			name = Main.storyboard;
			sourceTree = "<group>";
		};
		3C926FCA24B9213700692688 /* LaunchScreen.storyboard */ = {
			isa = PBXVariantGroup;
			children = (
				3C926FCB24B9213700692688 /* Base */,
			);
			name = LaunchScreen.storyboard;
			sourceTree = "<group>";
		};
/* End PBXVariantGroup section */

/* Begin XCBuildConfiguration section */
		3C926FE424B9213700692688 /* Debug */ = {
			isa = XCBuildConfiguration;
			buildSettings = {
				ALWAYS_SEARCH_USER_PATHS = NO;
				CLANG_ANALYZER_NONNULL = YES;
				CLANG_ANALYZER_NUMBER_OBJECT_CONVERSION = YES_AGGRESSIVE;
				CLANG_CXX_LANGUAGE_STANDARD = "gnu++14";
				CLANG_CXX_LIBRARY = "libc++";
				CLANG_ENABLE_MODULES = YES;
				CLANG_ENABLE_OBJC_ARC = YES;
				CLANG_ENABLE_OBJC_WEAK = YES;
				CLANG_WARN_BLOCK_CAPTURE_AUTORELEASING = YES;
				CLANG_WARN_BOOL_CONVERSION = YES;
				CLANG_WARN_COMMA = YES;
				CLANG_WARN_CONSTANT_CONVERSION = YES;
				CLANG_WARN_DEPRECATED_OBJC_IMPLEMENTATIONS = YES;
				CLANG_WARN_DIRECT_OBJC_ISA_USAGE = YES_ERROR;
				CLANG_WARN_DOCUMENTATION_COMMENTS = YES;
				CLANG_WARN_EMPTY_BODY = YES;
				CLANG_WARN_ENUM_CONVERSION = YES;
				CLANG_WARN_INFINITE_RECURSION = YES;
				CLANG_WARN_INT_CONVERSION = YES;
				CLANG_WARN_NON_LITERAL_NULL_CONVERSION = YES;
				CLANG_WARN_OBJC_IMPLICIT_RETAIN_SELF = YES;
				CLANG_WARN_OBJC_LITERAL_CONVERSION = YES;
				CLANG_WARN_OBJC_ROOT_CLASS = YES_ERROR;
				CLANG_WARN_RANGE_LOOP_ANALYSIS = YES;
				CLANG_WARN_STRICT_PROTOTYPES = YES;
				CLANG_WARN_SUSPICIOUS_MOVE = YES;
				CLANG_WARN_UNGUARDED_AVAILABILITY = YES_AGGRESSIVE;
				CLANG_WARN_UNREACHABLE_CODE = YES;
				CLANG_WARN__DUPLICATE_METHOD_MATCH = YES;
				COPY_PHASE_STRIP = NO;
				DEBUG_INFORMATION_FORMAT = dwarf;
				ENABLE_STRICT_OBJC_MSGSEND = YES;
				ENABLE_TESTABILITY = YES;
				GCC_C_LANGUAGE_STANDARD = gnu11;
				GCC_DYNAMIC_NO_PIC = NO;
				GCC_NO_COMMON_BLOCKS = YES;
				GCC_OPTIMIZATION_LEVEL = 0;
				GCC_PREPROCESSOR_DEFINITIONS = (
					"DEBUG=1",
					"$(inherited)",
				);
				GCC_WARN_64_TO_32_BIT_CONVERSION = YES;
				GCC_WARN_ABOUT_RETURN_TYPE = YES_ERROR;
				GCC_WARN_UNDECLARED_SELECTOR = YES;
				GCC_WARN_UNINITIALIZED_AUTOS = YES_AGGRESSIVE;
				GCC_WARN_UNUSED_FUNCTION = YES;
				GCC_WARN_UNUSED_VARIABLE = YES;
				IPHONEOS_DEPLOYMENT_TARGET = 13.5;
				MTL_ENABLE_DEBUG_INFO = INCLUDE_SOURCE;
				MTL_FAST_MATH = YES;
				ONLY_ACTIVE_ARCH = YES;
				SDKROOT = iphoneos;
				SWIFT_ACTIVE_COMPILATION_CONDITIONS = DEBUG;
				SWIFT_OPTIMIZATION_LEVEL = "-Onone";
			};
			name = Debug;
		};
		3C926FE524B9213700692688 /* Release */ = {
			isa = XCBuildConfiguration;
			buildSettings = {
				ALWAYS_SEARCH_USER_PATHS = NO;
				CLANG_ANALYZER_NONNULL = YES;
				CLANG_ANALYZER_NUMBER_OBJECT_CONVERSION = YES_AGGRESSIVE;
				CLANG_CXX_LANGUAGE_STANDARD = "gnu++14";
				CLANG_CXX_LIBRARY = "libc++";
				CLANG_ENABLE_MODULES = YES;
				CLANG_ENABLE_OBJC_ARC = YES;
				CLANG_ENABLE_OBJC_WEAK = YES;
				CLANG_WARN_BLOCK_CAPTURE_AUTORELEASING = YES;
				CLANG_WARN_BOOL_CONVERSION = YES;
				CLANG_WARN_COMMA = YES;
				CLANG_WARN_CONSTANT_CONVERSION = YES;
				CLANG_WARN_DEPRECATED_OBJC_IMPLEMENTATIONS = YES;
				CLANG_WARN_DIRECT_OBJC_ISA_USAGE = YES_ERROR;
				CLANG_WARN_DOCUMENTATION_COMMENTS = YES;
				CLANG_WARN_EMPTY_BODY = YES;
				CLANG_WARN_ENUM_CONVERSION = YES;
				CLANG_WARN_INFINITE_RECURSION = YES;
				CLANG_WARN_INT_CONVERSION = YES;
				CLANG_WARN_NON_LITERAL_NULL_CONVERSION = YES;
				CLANG_WARN_OBJC_IMPLICIT_RETAIN_SELF = YES;
				CLANG_WARN_OBJC_LITERAL_CONVERSION = YES;
				CLANG_WARN_OBJC_ROOT_CLASS = YES_ERROR;
				CLANG_WARN_RANGE_LOOP_ANALYSIS = YES;
				CLANG_WARN_STRICT_PROTOTYPES = YES;
				CLANG_WARN_SUSPICIOUS_MOVE = YES;
				CLANG_WARN_UNGUARDED_AVAILABILITY = YES_AGGRESSIVE;
				CLANG_WARN_UNREACHABLE_CODE = YES;
				CLANG_WARN__DUPLICATE_METHOD_MATCH = YES;
				COPY_PHASE_STRIP = NO;
				DEBUG_INFORMATION_FORMAT = "dwarf-with-dsym";
				ENABLE_NS_ASSERTIONS = NO;
				ENABLE_STRICT_OBJC_MSGSEND = YES;
				GCC_C_LANGUAGE_STANDARD = gnu11;
				GCC_NO_COMMON_BLOCKS = YES;
				GCC_WARN_64_TO_32_BIT_CONVERSION = YES;
				GCC_WARN_ABOUT_RETURN_TYPE = YES_ERROR;
				GCC_WARN_UNDECLARED_SELECTOR = YES;
				GCC_WARN_UNINITIALIZED_AUTOS = YES_AGGRESSIVE;
				GCC_WARN_UNUSED_FUNCTION = YES;
				GCC_WARN_UNUSED_VARIABLE = YES;
				IPHONEOS_DEPLOYMENT_TARGET = 13.5;
				MTL_ENABLE_DEBUG_INFO = NO;
				MTL_FAST_MATH = YES;
				SDKROOT = iphoneos;
				SWIFT_COMPILATION_MODE = wholemodule;
				SWIFT_OPTIMIZATION_LEVEL = "-O";
				VALIDATE_PRODUCT = YES;
			};
			name = Release;
		};
		3C926FE724B9213700692688 /* Debug */ = {
			isa = XCBuildConfiguration;
			baseConfigurationReference = B1E26F97C9983BAC054CFBD2 /* Pods-Swift Audio v2.debug.xcconfig */;
			buildSettings = {
				ASSETCATALOG_COMPILER_APPICON_NAME = AppIcon;
				CODE_SIGN_STYLE = Automatic;
				DEVELOPMENT_TEAM = 2Z5A22263G;
				INFOPLIST_FILE = "Swift Audio v2/Info.plist";
				LD_RUNPATH_SEARCH_PATHS = (
					"$(inherited)",
					"@executable_path/Frameworks",
				);
				PRODUCT_BUNDLE_IDENTIFIER = "OranageHasu.Swift-Audio-v2";
				PRODUCT_NAME = "$(TARGET_NAME)";
				SWIFT_VERSION = 5.0;
				TARGETED_DEVICE_FAMILY = "1,2";
			};
			name = Debug;
		};
		3C926FE824B9213700692688 /* Release */ = {
			isa = XCBuildConfiguration;
			baseConfigurationReference = 5F73A842D9F02388EA7C635C /* Pods-Swift Audio v2.release.xcconfig */;
			buildSettings = {
				ASSETCATALOG_COMPILER_APPICON_NAME = AppIcon;
				CODE_SIGN_STYLE = Automatic;
				DEVELOPMENT_TEAM = 2Z5A22263G;
				INFOPLIST_FILE = "Swift Audio v2/Info.plist";
				LD_RUNPATH_SEARCH_PATHS = (
					"$(inherited)",
					"@executable_path/Frameworks",
				);
				PRODUCT_BUNDLE_IDENTIFIER = "OranageHasu.Swift-Audio-v2";
				PRODUCT_NAME = "$(TARGET_NAME)";
				SWIFT_VERSION = 5.0;
				TARGETED_DEVICE_FAMILY = "1,2";
			};
			name = Release;
		};
		3C926FEA24B9213700692688 /* Debug */ = {
			isa = XCBuildConfiguration;
			buildSettings = {
				ALWAYS_EMBED_SWIFT_STANDARD_LIBRARIES = YES;
				BUNDLE_LOADER = "$(TEST_HOST)";
				CODE_SIGN_STYLE = Automatic;
				DEVELOPMENT_TEAM = 2Z5A22263G;
				INFOPLIST_FILE = "Swift Audio v2Tests/Info.plist";
				IPHONEOS_DEPLOYMENT_TARGET = 13.5;
				LD_RUNPATH_SEARCH_PATHS = (
					"$(inherited)",
					"@executable_path/Frameworks",
					"@loader_path/Frameworks",
				);
				PRODUCT_BUNDLE_IDENTIFIER = "OranageHasu.Swift-Audio-v2Tests";
				PRODUCT_NAME = "$(TARGET_NAME)";
				SWIFT_VERSION = 5.0;
				TARGETED_DEVICE_FAMILY = "1,2";
				TEST_HOST = "$(BUILT_PRODUCTS_DIR)/Swift Audio v2.app/Swift Audio v2";
			};
			name = Debug;
		};
		3C926FEB24B9213700692688 /* Release */ = {
			isa = XCBuildConfiguration;
			buildSettings = {
				ALWAYS_EMBED_SWIFT_STANDARD_LIBRARIES = YES;
				BUNDLE_LOADER = "$(TEST_HOST)";
				CODE_SIGN_STYLE = Automatic;
				DEVELOPMENT_TEAM = 2Z5A22263G;
				INFOPLIST_FILE = "Swift Audio v2Tests/Info.plist";
				IPHONEOS_DEPLOYMENT_TARGET = 13.5;
				LD_RUNPATH_SEARCH_PATHS = (
					"$(inherited)",
					"@executable_path/Frameworks",
					"@loader_path/Frameworks",
				);
				PRODUCT_BUNDLE_IDENTIFIER = "OranageHasu.Swift-Audio-v2Tests";
				PRODUCT_NAME = "$(TARGET_NAME)";
				SWIFT_VERSION = 5.0;
				TARGETED_DEVICE_FAMILY = "1,2";
				TEST_HOST = "$(BUILT_PRODUCTS_DIR)/Swift Audio v2.app/Swift Audio v2";
			};
			name = Release;
		};
		3C926FED24B9213700692688 /* Debug */ = {
			isa = XCBuildConfiguration;
			buildSettings = {
				ALWAYS_EMBED_SWIFT_STANDARD_LIBRARIES = YES;
				CODE_SIGN_STYLE = Automatic;
				DEVELOPMENT_TEAM = 2Z5A22263G;
				INFOPLIST_FILE = "Swift Audio v2UITests/Info.plist";
				LD_RUNPATH_SEARCH_PATHS = (
					"$(inherited)",
					"@executable_path/Frameworks",
					"@loader_path/Frameworks",
				);
				PRODUCT_BUNDLE_IDENTIFIER = "OranageHasu.Swift-Audio-v2UITests";
				PRODUCT_NAME = "$(TARGET_NAME)";
				SWIFT_VERSION = 5.0;
				TARGETED_DEVICE_FAMILY = "1,2";
				TEST_TARGET_NAME = "Swift Audio v2";
			};
			name = Debug;
		};
		3C926FEE24B9213700692688 /* Release */ = {
			isa = XCBuildConfiguration;
			buildSettings = {
				ALWAYS_EMBED_SWIFT_STANDARD_LIBRARIES = YES;
				CODE_SIGN_STYLE = Automatic;
				DEVELOPMENT_TEAM = 2Z5A22263G;
				INFOPLIST_FILE = "Swift Audio v2UITests/Info.plist";
				LD_RUNPATH_SEARCH_PATHS = (
					"$(inherited)",
					"@executable_path/Frameworks",
					"@loader_path/Frameworks",
				);
				PRODUCT_BUNDLE_IDENTIFIER = "OranageHasu.Swift-Audio-v2UITests";
				PRODUCT_NAME = "$(TARGET_NAME)";
				SWIFT_VERSION = 5.0;
				TARGETED_DEVICE_FAMILY = "1,2";
				TEST_TARGET_NAME = "Swift Audio v2";
			};
			name = Release;
		};
/* End XCBuildConfiguration section */

/* Begin XCConfigurationList section */
		3C926FB424B9213100692688 /* Build configuration list for PBXProject "Swift Audio v2" */ = {
			isa = XCConfigurationList;
			buildConfigurations = (
				3C926FE424B9213700692688 /* Debug */,
				3C926FE524B9213700692688 /* Release */,
			);
			defaultConfigurationIsVisible = 0;
			defaultConfigurationName = Release;
		};
		3C926FE624B9213700692688 /* Build configuration list for PBXNativeTarget "Swift Audio v2" */ = {
			isa = XCConfigurationList;
			buildConfigurations = (
				3C926FE724B9213700692688 /* Debug */,
				3C926FE824B9213700692688 /* Release */,
			);
			defaultConfigurationIsVisible = 0;
			defaultConfigurationName = Release;
		};
		3C926FE924B9213700692688 /* Build configuration list for PBXNativeTarget "Swift Audio v2Tests" */ = {
			isa = XCConfigurationList;
			buildConfigurations = (
				3C926FEA24B9213700692688 /* Debug */,
				3C926FEB24B9213700692688 /* Release */,
			);
			defaultConfigurationIsVisible = 0;
			defaultConfigurationName = Release;
		};
		3C926FEC24B9213700692688 /* Build configuration list for PBXNativeTarget "Swift Audio v2UITests" */ = {
			isa = XCConfigurationList;
			buildConfigurations = (
				3C926FED24B9213700692688 /* Debug */,
				3C926FEE24B9213700692688 /* Release */,
			);
			defaultConfigurationIsVisible = 0;
			defaultConfigurationName = Release;
		};
/* End XCConfigurationList section */

/* Begin XCVersionGroup section */
		3C926FC524B9213100692688 /* SwiftAudio.xcdatamodeld */ = {
			isa = XCVersionGroup;
			children = (
				3C926FC624B9213100692688 /* Swift_Audio_v2.xcdatamodel */,
			);
			currentVersion = 3C926FC624B9213100692688 /* Swift_Audio_v2.xcdatamodel */;
			path = SwiftAudio.xcdatamodeld;
			sourceTree = "<group>";
			versionGroupType = wrapper.xcdatamodel;
		};
/* End XCVersionGroup section */
	};
	rootObject = 3C926FB124B9213100692688 /* Project object */;
}
